{
  "name": "simple-omniauth-app",
  "lockfileVersion": 3,
  "requires": true,
  "packages": {
    "": {
      "dependencies": {
        "preline": "^1.8.0"
      }
    },
    "node_modules/@popperjs/core": {
      "version": "2.11.7",
      "resolved": "https://registry.npmjs.org/@popperjs/core/-/core-2.11.7.tgz",
      "integrity": "sha512-Cr4OjIkipTtcXKjAsm8agyleBuDHvxzeBoa1v543lbv1YaIwQjESsVcmjiWiPEbC1FIeHOG/Op9kdCmAmiS3Kw==",
      "funding": {
        "type": "opencollective",
        "url": "https://opencollective.com/popperjs"
      }
    },
    "node_modules/preline": {
      "version": "1.8.0",
      "resolved": "https://registry.npmjs.org/preline/-/preline-1.8.0.tgz",
      "integrity": "sha512-guttn86Fc/+AbvN9oKcr2z3zU7DL3Q5dl7nhcR4nTi5F02LXQc7WIYwgIXMR97kymCs52feiju6glXO3dUIpvA==",
      "dependencies": {
        "@popperjs/core": "^2.11.2"
      }
    }
  }
}
